using LunaV3;

public class RiftMP
{
    private string api = "https://riftmpapi.com";
    private string accountManager = "https://riftmpaccountmanager";

    public void OnLogin()
    {
        LaunchAccountManager();
    }

    public void LaunchAccountManager()
    {
    }

    public void Inject()
    {
        StartMatch();
    }

    public void StartMatch()
    {
        HostMatch("127.0.0.1:8512");
    }

    public void HostMatch(string ipAddress)
    {
    }
}
